
Microsoft Visual Studio Solution File, Format Version 11.00
# Visual Studio 2010
Project("{00000000-0000-0000-0000-000000000000}") = "Texo", "Texo\Texo.csproj", "{21C88ED7-1FCF-46B2-AEA8-B38C46F79701}"
EndProject
Global
	GlobalSection(SolutionConfigurationPlatforms) = preSolution
		Debug|Any CPU = Debug|Any CPU
		Release|Any CPU = Release|Any CPU
	EndGlobalSection
	GlobalSection(ProjectConfigurationPlatforms) = postSolution
		{21C88ED7-1FCF-46B2-AEA8-B38C46F79701}.Debug|Any CPU.ActiveCfg = Debug|Any CPU
		{21C88ED7-1FCF-46B2-AEA8-B38C46F79701}.Debug|Any CPU.Build.0 = Debug|Any CPU
		{21C88ED7-1FCF-46B2-AEA8-B38C46F79701}.Release|Any CPU.ActiveCfg = Release|Any CPU
		{21C88ED7-1FCF-46B2-AEA8-B38C46F79701}.Release|Any CPU.Build.0 = Release|Any CPU
	EndGlobalSection
	GlobalSection(SolutionProperties) = preSolution
		HideSolutionNode = FALSE
	EndGlobalSection
EndGlobal
